
Microsoft Visual Studio Solution File, Format Version 12.00
# Visual Studio Version 16
VisualStudioVersion = 16.0.30413.136
MinimumVisualStudioVersion = 10.0.40219.1
Project("{FAE04EC0-301F-11D3-BF4B-00C04F79EFBC}") = "Enum_StructClass", "Enum_StructClass_5\Enum_StructClass.csproj", "{8422A37A-37D7-4CEC-990B-8C39A38C5CF1}"
EndProject
Global
	GlobalSection(SolutionConfigurationPlatforms) = preSolution
		Debug|Any CPU = Debug|Any CPU
		Release|Any CPU = Release|Any CPU
	EndGlobalSection
	GlobalSection(ProjectConfigurationPlatforms) = postSolution
		{8422A37A-37D7-4CEC-990B-8C39A38C5CF1}.Debug|Any CPU.ActiveCfg = Debug|Any CPU
		{8422A37A-37D7-4CEC-990B-8C39A38C5CF1}.Debug|Any CPU.Build.0 = Debug|Any CPU
		{8422A37A-37D7-4CEC-990B-8C39A38C5CF1}.Release|Any CPU.ActiveCfg = Release|Any CPU
		{8422A37A-37D7-4CEC-990B-8C39A38C5CF1}.Release|Any CPU.Build.0 = Release|Any CPU
	EndGlobalSection
	GlobalSection(SolutionProperties) = preSolution
		HideSolutionNode = FALSE
	EndGlobalSection
	GlobalSection(ExtensibilityGlobals) = postSolution
		SolutionGuid = {DBC77B27-BF50-4FE8-B185-2097DE1777CE}
	EndGlobalSection
EndGlobal
